
Microsoft Visual Studio Solution File, Format Version 12.00
Project("{FAE04EC0-301F-11D3-BF4B-00C04F79EFBC}") = "PolySharpTrial", "PolySharpTrial.csproj", "{DC3FA500-D625-43F6-9928-F65067476101}"
EndProject
Global
	GlobalSection(SolutionConfigurationPlatforms) = preSolution
		Debug|Any CPU = Debug|Any CPU
		Release|Any CPU = Release|Any CPU
	EndGlobalSection
	GlobalSection(ProjectConfigurationPlatforms) = postSolution
		{DC3FA500-D625-43F6-9928-F65067476101}.Debug|Any CPU.ActiveCfg = Debug|Any CPU
		{DC3FA500-D625-43F6-9928-F65067476101}.Debug|Any CPU.Build.0 = Debug|Any CPU
		{DC3FA500-D625-43F6-9928-F65067476101}.Release|Any CPU.ActiveCfg = Release|Any CPU
		{DC3FA500-D625-43F6-9928-F65067476101}.Release|Any CPU.Build.0 = Release|Any CPU
	EndGlobalSection
EndGlobal
